
Microsoft Visual Studio Solution File, Format Version 12.00
# Visual Studio 15
VisualStudioVersion = 15.0.28010.2036
MinimumVisualStudioVersion = 10.0.40219.1
Project("{FAE04EC0-301F-11D3-BF4B-00C04F79EFBC}") = "NCommons.Monads", "NCommons.Monads\NCommons.Monads.csproj", "{8F283B55-5109-4052-AC55-7433F315E484}"
EndProject
Project("{2150E333-8FDC-42A3-9474-1A3956D46DE8}") = "Config", "Config", "{C6E7FD3B-AC1D-4C94-B0E6-103404248921}"
	ProjectSection(SolutionItems) = preProject
		.editorconfig = .editorconfig
		Directory.Build.Props = Directory.Build.Props
	EndProjectSection
EndProject
Global
	GlobalSection(SolutionConfigurationPlatforms) = preSolution
		Debug|Any CPU = Debug|Any CPU
		Release|Any CPU = Release|Any CPU
	EndGlobalSection
	GlobalSection(ProjectConfigurationPlatforms) = postSolution
		{8F283B55-5109-4052-AC55-7433F315E484}.Debug|Any CPU.ActiveCfg = Debug|Any CPU
		{8F283B55-5109-4052-AC55-7433F315E484}.Debug|Any CPU.Build.0 = Debug|Any CPU
		{8F283B55-5109-4052-AC55-7433F315E484}.Release|Any CPU.ActiveCfg = Release|Any CPU
		{8F283B55-5109-4052-AC55-7433F315E484}.Release|Any CPU.Build.0 = Release|Any CPU
	EndGlobalSection
	GlobalSection(SolutionProperties) = preSolution
		HideSolutionNode = FALSE
	EndGlobalSection
	GlobalSection(ExtensibilityGlobals) = postSolution
		SolutionGuid = {3C8A7BBD-58BC-4CB5-913B-BAC54787D343}
	EndGlobalSection
EndGlobal
